
Microsoft Visual Studio Solution File, Format Version 12.00
# Visual Studio 2012
Project("{E24C65DC-7377-472B-9ABA-BC803B73C61A}") = "TimelapseWeb", "http://localhost:60996", "{358802F5-B968-4BB1-A834-B095A93CB0D0}"
	ProjectSection(WebsiteProperties) = preProject
		SccProjectName = "Svn"
		SccAuxPath = "Svn"
		SccLocalPath = "Svn"
		SccProvider = "SubversionScc"
		UseIISExpress = "true"
		TargetFrameworkMoniker = ".NETFramework,Version%3Dv4.5"
		ProjectReferences = "{7165e44e-62e1-4859-a678-d4332bea5ed3}|BLL.dll;"
		Debug.AspNetCompiler.VirtualPath = "/localhost_60996"
		Debug.AspNetCompiler.PhysicalPath = "TimelapseWeb\"
		Debug.AspNetCompiler.TargetPath = "PrecompiledWeb\localhost_60996\"
		Debug.AspNetCompiler.Updateable = "true"
		Debug.AspNetCompiler.ForceOverwrite = "true"
		Debug.AspNetCompiler.FixedNames = "false"
		Debug.AspNetCompiler.Debug = "True"
		Release.AspNetCompiler.VirtualPath = "/localhost_60996"
		Release.AspNetCompiler.PhysicalPath = "TimelapseWeb\"
		Release.AspNetCompiler.TargetPath = "PrecompiledWeb\localhost_60996\"
		Release.AspNetCompiler.Updateable = "true"
		Release.AspNetCompiler.ForceOverwrite = "true"
		Release.AspNetCompiler.FixedNames = "false"
		Release.AspNetCompiler.Debug = "False"
		SlnRelativePath = "TimelapseWeb\"
	EndProjectSection
	ProjectSection(SvnOrigin) = preProject
		@Keys = Enlist,Svn.Uri
		Enlist = Required
		Svn.Uri = TimelapseWeb/
	EndProjectSection
EndProject
Project("{FAE04EC0-301F-11D3-BF4B-00C04F79EFBC}") = "Timelapser", "Timelapser\Timelapser.csproj", "{9BF771F0-E71F-46C5-8E67-684EE8D14452}"
EndProject
Project("{FAE04EC0-301F-11D3-BF4B-00C04F79EFBC}") = "TimelapseApi", "TimelapseApi\TimelapseApi.csproj", "{E62EA86F-7E22-4E27-90AC-7E42E5EE980D}"
EndProject
Project("{FAE04EC0-301F-11D3-BF4B-00C04F79EFBC}") = "Shutdown", "Shutdown\Shutdown.csproj", "{963FB2F7-28C6-494B-8604-E7DB3D8525D0}"
EndProject
Project("{FAE04EC0-301F-11D3-BF4B-00C04F79EFBC}") = "BLL", "BLL\BLL.csproj", "{7165E44E-62E1-4859-A678-D4332BEA5ED3}"
EndProject
Project("{FAE04EC0-301F-11D3-BF4B-00C04F79EFBC}") = "TimelapseAppService", "TimelapseAppService\TimelapseAppService.csproj", "{64D5C963-BE90-44C3-95DE-180A662DEF72}"
EndProject
Project("{FAE04EC0-301F-11D3-BF4B-00C04F79EFBC}") = "TestBed", "TestBed\TestBed.csproj", "{825BC37B-EC97-4313-8416-64BAAEE1081E}"
EndProject
Project("{FAE04EC0-301F-11D3-BF4B-00C04F79EFBC}") = "Deletion", "Deletion\Deletion.csproj", "{67A27A1F-97C5-4B24-A6C2-0CB512E92F2D}"
EndProject
Project("{FAE04EC0-301F-11D3-BF4B-00C04F79EFBC}") = "TimelapseMaker", "TimelapseMaker\TimelapseMaker.csproj", "{4F4D21B8-1728-41EB-9DE0-4D0CA3DC428F}"
EndProject
Project("{FAE04EC0-301F-11D3-BF4B-00C04F79EFBC}") = "AppForGetTest", "..\..\dotnet\AppForGetTest\AppForGetTest\AppForGetTest.csproj", "{DAEE0230-91D3-4736-A21B-0E237D4CAC99}"
	ProjectSection(ProjectDependencies) = postProject
		{7165E44E-62E1-4859-A678-D4332BEA5ED3} = {7165E44E-62E1-4859-A678-D4332BEA5ED3}
	EndProjectSection
EndProject
Project("{FAE04EC0-301F-11D3-BF4B-00C04F79EFBC}") = "MovieCreator", "MovieCreator\MovieCreator.csproj", "{C26D8187-1EE2-4339-B2FA-1F5A91A47C16}"
EndProject
Global
	GlobalSection(SolutionConfigurationPlatforms) = preSolution
		Debug|Any CPU = Debug|Any CPU
		Debug|x86 = Debug|x86
		Release|Any CPU = Release|Any CPU
		Release|x86 = Release|x86
	EndGlobalSection
	GlobalSection(ProjectConfigurationPlatforms) = postSolution
		{358802F5-B968-4BB1-A834-B095A93CB0D0}.Debug|Any CPU.ActiveCfg = Debug|Any CPU
		{358802F5-B968-4BB1-A834-B095A93CB0D0}.Debug|Any CPU.Build.0 = Debug|Any CPU
		{358802F5-B968-4BB1-A834-B095A93CB0D0}.Debug|x86.ActiveCfg = Debug|Any CPU
		{358802F5-B968-4BB1-A834-B095A93CB0D0}.Release|Any CPU.ActiveCfg = Debug|Any CPU
		{358802F5-B968-4BB1-A834-B095A93CB0D0}.Release|Any CPU.Build.0 = Debug|Any CPU
		{358802F5-B968-4BB1-A834-B095A93CB0D0}.Release|x86.ActiveCfg = Debug|Any CPU
		{9BF771F0-E71F-46C5-8E67-684EE8D14452}.Debug|Any CPU.ActiveCfg = Debug|Any CPU
		{9BF771F0-E71F-46C5-8E67-684EE8D14452}.Debug|Any CPU.Build.0 = Debug|Any CPU
		{9BF771F0-E71F-46C5-8E67-684EE8D14452}.Debug|x86.ActiveCfg = Debug|x86
		{9BF771F0-E71F-46C5-8E67-684EE8D14452}.Debug|x86.Build.0 = Debug|x86
		{9BF771F0-E71F-46C5-8E67-684EE8D14452}.Release|Any CPU.ActiveCfg = Release|Any CPU
		{9BF771F0-E71F-46C5-8E67-684EE8D14452}.Release|Any CPU.Build.0 = Release|Any CPU
		{9BF771F0-E71F-46C5-8E67-684EE8D14452}.Release|x86.ActiveCfg = Release|x86
		{9BF771F0-E71F-46C5-8E67-684EE8D14452}.Release|x86.Build.0 = Release|x86
		{E62EA86F-7E22-4E27-90AC-7E42E5EE980D}.Debug|Any CPU.ActiveCfg = Debug|Any CPU
		{E62EA86F-7E22-4E27-90AC-7E42E5EE980D}.Debug|Any CPU.Build.0 = Debug|Any CPU
		{E62EA86F-7E22-4E27-90AC-7E42E5EE980D}.Debug|x86.ActiveCfg = Debug|x86
		{E62EA86F-7E22-4E27-90AC-7E42E5EE980D}.Debug|x86.Build.0 = Debug|x86
		{E62EA86F-7E22-4E27-90AC-7E42E5EE980D}.Release|Any CPU.ActiveCfg = Release|Any CPU
		{E62EA86F-7E22-4E27-90AC-7E42E5EE980D}.Release|Any CPU.Build.0 = Release|Any CPU
		{E62EA86F-7E22-4E27-90AC-7E42E5EE980D}.Release|x86.ActiveCfg = Release|x86
		{E62EA86F-7E22-4E27-90AC-7E42E5EE980D}.Release|x86.Build.0 = Release|x86
		{963FB2F7-28C6-494B-8604-E7DB3D8525D0}.Debug|Any CPU.ActiveCfg = Debug|Any CPU
		{963FB2F7-28C6-494B-8604-E7DB3D8525D0}.Debug|Any CPU.Build.0 = Debug|Any CPU
		{963FB2F7-28C6-494B-8604-E7DB3D8525D0}.Debug|x86.ActiveCfg = Debug|x86
		{963FB2F7-28C6-494B-8604-E7DB3D8525D0}.Debug|x86.Build.0 = Debug|x86
		{963FB2F7-28C6-494B-8604-E7DB3D8525D0}.Release|Any CPU.ActiveCfg = Release|Any CPU
		{963FB2F7-28C6-494B-8604-E7DB3D8525D0}.Release|Any CPU.Build.0 = Release|Any CPU
		{963FB2F7-28C6-494B-8604-E7DB3D8525D0}.Release|x86.ActiveCfg = Release|x86
		{963FB2F7-28C6-494B-8604-E7DB3D8525D0}.Release|x86.Build.0 = Release|x86
		{7165E44E-62E1-4859-A678-D4332BEA5ED3}.Debug|Any CPU.ActiveCfg = Debug|Any CPU
		{7165E44E-62E1-4859-A678-D4332BEA5ED3}.Debug|Any CPU.Build.0 = Debug|Any CPU
		{7165E44E-62E1-4859-A678-D4332BEA5ED3}.Debug|x86.ActiveCfg = Debug|x86
		{7165E44E-62E1-4859-A678-D4332BEA5ED3}.Debug|x86.Build.0 = Debug|x86
		{7165E44E-62E1-4859-A678-D4332BEA5ED3}.Release|Any CPU.ActiveCfg = Release|Any CPU
		{7165E44E-62E1-4859-A678-D4332BEA5ED3}.Release|Any CPU.Build.0 = Release|Any CPU
		{7165E44E-62E1-4859-A678-D4332BEA5ED3}.Release|x86.ActiveCfg = Release|x86
		{7165E44E-62E1-4859-A678-D4332BEA5ED3}.Release|x86.Build.0 = Release|x86
		{64D5C963-BE90-44C3-95DE-180A662DEF72}.Debug|Any CPU.ActiveCfg = Debug|Any CPU
		{64D5C963-BE90-44C3-95DE-180A662DEF72}.Debug|Any CPU.Build.0 = Debug|Any CPU
		{64D5C963-BE90-44C3-95DE-180A662DEF72}.Debug|x86.ActiveCfg = Debug|x86
		{64D5C963-BE90-44C3-95DE-180A662DEF72}.Debug|x86.Build.0 = Debug|x86
		{64D5C963-BE90-44C3-95DE-180A662DEF72}.Release|Any CPU.ActiveCfg = Release|Any CPU
		{64D5C963-BE90-44C3-95DE-180A662DEF72}.Release|Any CPU.Build.0 = Release|Any CPU
		{64D5C963-BE90-44C3-95DE-180A662DEF72}.Release|x86.ActiveCfg = Release|x86
		{64D5C963-BE90-44C3-95DE-180A662DEF72}.Release|x86.Build.0 = Release|x86
		{825BC37B-EC97-4313-8416-64BAAEE1081E}.Debug|Any CPU.ActiveCfg = Debug|Any CPU
		{825BC37B-EC97-4313-8416-64BAAEE1081E}.Debug|Any CPU.Build.0 = Debug|Any CPU
		{825BC37B-EC97-4313-8416-64BAAEE1081E}.Debug|x86.ActiveCfg = Debug|x86
		{825BC37B-EC97-4313-8416-64BAAEE1081E}.Debug|x86.Build.0 = Debug|x86
		{825BC37B-EC97-4313-8416-64BAAEE1081E}.Release|Any CPU.ActiveCfg = Release|Any CPU
		{825BC37B-EC97-4313-8416-64BAAEE1081E}.Release|Any CPU.Build.0 = Release|Any CPU
		{825BC37B-EC97-4313-8416-64BAAEE1081E}.Release|x86.ActiveCfg = Release|x86
		{825BC37B-EC97-4313-8416-64BAAEE1081E}.Release|x86.Build.0 = Release|x86
		{67A27A1F-97C5-4B24-A6C2-0CB512E92F2D}.Debug|Any CPU.ActiveCfg = Debug|Any CPU
		{67A27A1F-97C5-4B24-A6C2-0CB512E92F2D}.Debug|Any CPU.Build.0 = Debug|Any CPU
		{67A27A1F-97C5-4B24-A6C2-0CB512E92F2D}.Debug|x86.ActiveCfg = Debug|Any CPU
		{67A27A1F-97C5-4B24-A6C2-0CB512E92F2D}.Release|Any CPU.ActiveCfg = Release|Any CPU
		{67A27A1F-97C5-4B24-A6C2-0CB512E92F2D}.Release|Any CPU.Build.0 = Release|Any CPU
		{67A27A1F-97C5-4B24-A6C2-0CB512E92F2D}.Release|x86.ActiveCfg = Release|Any CPU
		{4F4D21B8-1728-41EB-9DE0-4D0CA3DC428F}.Debug|Any CPU.ActiveCfg = Debug|Any CPU
		{4F4D21B8-1728-41EB-9DE0-4D0CA3DC428F}.Debug|Any CPU.Build.0 = Debug|Any CPU
		{4F4D21B8-1728-41EB-9DE0-4D0CA3DC428F}.Debug|x86.ActiveCfg = Debug|x86
		{4F4D21B8-1728-41EB-9DE0-4D0CA3DC428F}.Debug|x86.Build.0 = Debug|x86
		{4F4D21B8-1728-41EB-9DE0-4D0CA3DC428F}.Release|Any CPU.ActiveCfg = Release|Any CPU
		{4F4D21B8-1728-41EB-9DE0-4D0CA3DC428F}.Release|Any CPU.Build.0 = Release|Any CPU
		{4F4D21B8-1728-41EB-9DE0-4D0CA3DC428F}.Release|x86.ActiveCfg = Release|x86
		{4F4D21B8-1728-41EB-9DE0-4D0CA3DC428F}.Release|x86.Build.0 = Release|x86
		{DAEE0230-91D3-4736-A21B-0E237D4CAC99}.Debug|Any CPU.ActiveCfg = Debug|x86
		{DAEE0230-91D3-4736-A21B-0E237D4CAC99}.Debug|Any CPU.Build.0 = Debug|x86
		{DAEE0230-91D3-4736-A21B-0E237D4CAC99}.Debug|x86.ActiveCfg = Debug|x86
		{DAEE0230-91D3-4736-A21B-0E237D4CAC99}.Debug|x86.Build.0 = Debug|x86
		{DAEE0230-91D3-4736-A21B-0E237D4CAC99}.Release|Any CPU.ActiveCfg = Release|Any CPU
		{DAEE0230-91D3-4736-A21B-0E237D4CAC99}.Release|Any CPU.Build.0 = Release|Any CPU
		{DAEE0230-91D3-4736-A21B-0E237D4CAC99}.Release|x86.ActiveCfg = Release|x86
		{DAEE0230-91D3-4736-A21B-0E237D4CAC99}.Release|x86.Build.0 = Release|x86
		{C26D8187-1EE2-4339-B2FA-1F5A91A47C16}.Debug|Any CPU.ActiveCfg = Debug|Any CPU
		{C26D8187-1EE2-4339-B2FA-1F5A91A47C16}.Debug|Any CPU.Build.0 = Debug|Any CPU
		{C26D8187-1EE2-4339-B2FA-1F5A91A47C16}.Debug|x86.ActiveCfg = Debug|x86
		{C26D8187-1EE2-4339-B2FA-1F5A91A47C16}.Debug|x86.Build.0 = Debug|x86
		{C26D8187-1EE2-4339-B2FA-1F5A91A47C16}.Release|Any CPU.ActiveCfg = Release|Any CPU
		{C26D8187-1EE2-4339-B2FA-1F5A91A47C16}.Release|Any CPU.Build.0 = Release|Any CPU
		{C26D8187-1EE2-4339-B2FA-1F5A91A47C16}.Release|x86.ActiveCfg = Release|x86
		{C26D8187-1EE2-4339-B2FA-1F5A91A47C16}.Release|x86.Build.0 = Release|x86
	EndGlobalSection
	GlobalSection(SolutionProperties) = preSolution
		HideSolutionNode = FALSE
	EndGlobalSection
	GlobalSection(SubversionScc) = preSolution
		Svn-Managed = True
		Manager = AnkhSVN - Subversion Support for Visual Studio
	EndGlobalSection
EndGlobal
